
Microsoft Visual Studio Solution File, Format Version 12.00
# Visual Studio 14
VisualStudioVersion = 14.0.23107.0
MinimumVisualStudioVersion = 10.0.40219.1
Project("{FAE04EC0-301F-11D3-BF4B-00C04F79EFBC}") = "lab1_3var", "lab1_3var\lab1_3var.csproj", "{54554F7E-863F-40DE-B3F7-3025947970D0}"
EndProject
Project("{FAE04EC0-301F-11D3-BF4B-00C04F79EFBC}") = "Loader", "Loader\Loader.csproj", "{B6A08B0A-C88F-4667-ABF7-ADB6693D37AE}"
EndProject
Global
	GlobalSection(SolutionConfigurationPlatforms) = preSolution
		Debug|Any CPU = Debug|Any CPU
		Release|Any CPU = Release|Any CPU
	EndGlobalSection
	GlobalSection(ProjectConfigurationPlatforms) = postSolution
		{54554F7E-863F-40DE-B3F7-3025947970D0}.Debug|Any CPU.ActiveCfg = Debug|Any CPU
		{54554F7E-863F-40DE-B3F7-3025947970D0}.Debug|Any CPU.Build.0 = Debug|Any CPU
		{54554F7E-863F-40DE-B3F7-3025947970D0}.Release|Any CPU.ActiveCfg = Release|Any CPU
		{54554F7E-863F-40DE-B3F7-3025947970D0}.Release|Any CPU.Build.0 = Release|Any CPU
		{B6A08B0A-C88F-4667-ABF7-ADB6693D37AE}.Debug|Any CPU.ActiveCfg = Debug|Any CPU
		{B6A08B0A-C88F-4667-ABF7-ADB6693D37AE}.Debug|Any CPU.Build.0 = Debug|Any CPU
		{B6A08B0A-C88F-4667-ABF7-ADB6693D37AE}.Release|Any CPU.ActiveCfg = Release|Any CPU
		{B6A08B0A-C88F-4667-ABF7-ADB6693D37AE}.Release|Any CPU.Build.0 = Release|Any CPU
	EndGlobalSection
	GlobalSection(SolutionProperties) = preSolution
		HideSolutionNode = FALSE
	EndGlobalSection
EndGlobal
